
Microsoft Visual Studio Solution File, Format Version 12.00
# Visual Studio Version 16
VisualStudioVersion = 16.0.30413.136
MinimumVisualStudioVersion = 10.0.40219.1
Project("{FAE04EC0-301F-11D3-BF4B-00C04F79EFBC}") = "studioGIT", "studioGIT.csproj", "{AA8C5FC3-B2CF-4948-A0BF-FEE5ECB8CBEA}"
EndProject
Global
	GlobalSection(SolutionConfigurationPlatforms) = preSolution
		Debug|Any CPU = Debug|Any CPU
		Release|Any CPU = Release|Any CPU
	EndGlobalSection
	GlobalSection(ProjectConfigurationPlatforms) = postSolution
		{AA8C5FC3-B2CF-4948-A0BF-FEE5ECB8CBEA}.Debug|Any CPU.ActiveCfg = Debug|Any CPU
		{AA8C5FC3-B2CF-4948-A0BF-FEE5ECB8CBEA}.Debug|Any CPU.Build.0 = Debug|Any CPU
		{AA8C5FC3-B2CF-4948-A0BF-FEE5ECB8CBEA}.Release|Any CPU.ActiveCfg = Release|Any CPU
		{AA8C5FC3-B2CF-4948-A0BF-FEE5ECB8CBEA}.Release|Any CPU.Build.0 = Release|Any CPU
	EndGlobalSection
	GlobalSection(SolutionProperties) = preSolution
		HideSolutionNode = FALSE
	EndGlobalSection
	GlobalSection(ExtensibilityGlobals) = postSolution
		SolutionGuid = {779F9D49-ECE1-4483-A4A8-74D2DBB931AD}
	EndGlobalSection
EndGlobal
